
Microsoft Visual Studio Solution File, Format Version 12.00
# Visual Studio Version 17
VisualStudioVersion = 17.4.33213.308
MinimumVisualStudioVersion = 10.0.40219.1
Project("{9A19103F-16F7-4668-BE54-9A1E7A4F7556}") = "EventsApi", "EventsApi\EventsApi.csproj", "{D3D9643D-38B2-4559-97E3-D51354BB5F3A}"
EndProject
Project("{9A19103F-16F7-4668-BE54-9A1E7A4F7556}") = "Events.Shared", "Events.Shared\Events.Shared.csproj", "{83571045-801B-4D60-9F29-A463039D6863}"
EndProject
Project("{FAE04EC0-301F-11D3-BF4B-00C04F79EFBC}") = "Events.ApiClient", "Events.ApiClient\Events.ApiClient.csproj", "{CCCDD828-9EBE-4E26-97A3-58818DC57386}"
EndProject
Global
	GlobalSection(SolutionConfigurationPlatforms) = preSolution
		Debug|Any CPU = Debug|Any CPU
		Release|Any CPU = Release|Any CPU
	EndGlobalSection
	GlobalSection(ProjectConfigurationPlatforms) = postSolution
		{D3D9643D-38B2-4559-97E3-D51354BB5F3A}.Debug|Any CPU.ActiveCfg = Debug|Any CPU
		{D3D9643D-38B2-4559-97E3-D51354BB5F3A}.Debug|Any CPU.Build.0 = Debug|Any CPU
		{D3D9643D-38B2-4559-97E3-D51354BB5F3A}.Release|Any CPU.ActiveCfg = Release|Any CPU
		{D3D9643D-38B2-4559-97E3-D51354BB5F3A}.Release|Any CPU.Build.0 = Release|Any CPU
		{83571045-801B-4D60-9F29-A463039D6863}.Debug|Any CPU.ActiveCfg = Debug|Any CPU
		{83571045-801B-4D60-9F29-A463039D6863}.Debug|Any CPU.Build.0 = Debug|Any CPU
		{83571045-801B-4D60-9F29-A463039D6863}.Release|Any CPU.ActiveCfg = Release|Any CPU
		{83571045-801B-4D60-9F29-A463039D6863}.Release|Any CPU.Build.0 = Release|Any CPU
		{CCCDD828-9EBE-4E26-97A3-58818DC57386}.Debug|Any CPU.ActiveCfg = Debug|Any CPU
		{CCCDD828-9EBE-4E26-97A3-58818DC57386}.Debug|Any CPU.Build.0 = Debug|Any CPU
		{CCCDD828-9EBE-4E26-97A3-58818DC57386}.Release|Any CPU.ActiveCfg = Release|Any CPU
		{CCCDD828-9EBE-4E26-97A3-58818DC57386}.Release|Any CPU.Build.0 = Release|Any CPU
	EndGlobalSection
	GlobalSection(SolutionProperties) = preSolution
		HideSolutionNode = FALSE
	EndGlobalSection
	GlobalSection(ExtensibilityGlobals) = postSolution
		SolutionGuid = {9C6D7C3A-0AA7-4DF1-AD49-52C103D2FC85}
	EndGlobalSection
EndGlobal
